
Microsoft Visual Studio Solution File, Format Version 12.00
# Visual Studio 14
VisualStudioVersion = 14.0.23107.0
MinimumVisualStudioVersion = 10.0.40219.1
Project("{FAE04EC0-301F-11D3-BF4B-00C04F79EFBC}") = "LocationVoiture", "LocationVoiture\LocationVoiture.csproj", "{F98E0E41-1617-47C5-92AE-4B84B8829889}"
EndProject
Global
	GlobalSection(SolutionConfigurationPlatforms) = preSolution
		Debug|Any CPU = Debug|Any CPU
		Release|Any CPU = Release|Any CPU
	EndGlobalSection
	GlobalSection(ProjectConfigurationPlatforms) = postSolution
		{F98E0E41-1617-47C5-92AE-4B84B8829889}.Debug|Any CPU.ActiveCfg = Debug|Any CPU
		{F98E0E41-1617-47C5-92AE-4B84B8829889}.Debug|Any CPU.Build.0 = Debug|Any CPU
		{F98E0E41-1617-47C5-92AE-4B84B8829889}.Release|Any CPU.ActiveCfg = Release|Any CPU
		{F98E0E41-1617-47C5-92AE-4B84B8829889}.Release|Any CPU.Build.0 = Release|Any CPU
	EndGlobalSection
	GlobalSection(SolutionProperties) = preSolution
		HideSolutionNode = FALSE
	EndGlobalSection
EndGlobal
